
Microsoft Visual Studio Solution File, Format Version 12.00
# Visual Studio Version 17
VisualStudioVersion = 17.6.33723.286
MinimumVisualStudioVersion = 10.0.40219.1
Project("{FAE04EC0-301F-11D3-BF4B-00C04F79EFBC}") = "GunSimulation", "GunSimulation\GunSimulation.csproj", "{C3FCDF10-D704-40F7-A0BC-E10E217BD727}"
EndProject
Global
	GlobalSection(SolutionConfigurationPlatforms) = preSolution
		Debug|Any CPU = Debug|Any CPU
		Release|Any CPU = Release|Any CPU
	EndGlobalSection
	GlobalSection(ProjectConfigurationPlatforms) = postSolution
		{C3FCDF10-D704-40F7-A0BC-E10E217BD727}.Debug|Any CPU.ActiveCfg = Debug|Any CPU
		{C3FCDF10-D704-40F7-A0BC-E10E217BD727}.Debug|Any CPU.Build.0 = Debug|Any CPU
		{C3FCDF10-D704-40F7-A0BC-E10E217BD727}.Release|Any CPU.ActiveCfg = Release|Any CPU
		{C3FCDF10-D704-40F7-A0BC-E10E217BD727}.Release|Any CPU.Build.0 = Release|Any CPU
	EndGlobalSection
	GlobalSection(SolutionProperties) = preSolution
		HideSolutionNode = FALSE
	EndGlobalSection
	GlobalSection(ExtensibilityGlobals) = postSolution
		SolutionGuid = {126504E2-7AC2-43B9-BF23-43A953BE7BB5}
	EndGlobalSection
EndGlobal
